{
  "name": "vss-web-extension-sdk",
  "version": "3.121.0",
  "lockfileVersion": 1,
  "requires": true,
  "dependencies": {
    "@types/jquery": {
      "version": "https://registry.npmjs.org/@types/jquery/-/jquery-2.0.34.tgz",
      "integrity": "sha1-J2FbNp8w5XIzYSZRTnRnLdpuPQQ="
    },
    "@types/jqueryui": {
      "version": "https://registry.npmjs.org/@types/jqueryui/-/jqueryui-1.11.31.tgz",
      "integrity": "sha1-TmFGYVdtgLTaw7OkmkCGgVAciuI=",
      "requires": {
        "@types/jquery": "https://registry.npmjs.org/@types/jquery/-/jquery-2.0.34.tgz"
      }
    },
    "@types/knockout": {
      "version": "3.4.46",
      "resolved": "https://registry.npmjs.org/@types/knockout/-/knockout-3.4.46.tgz",
      "integrity": "sha512-dsnfVF8CPQNv3mk7iQS2mGv7AAUVRcTGExbrlfwDD1AZPaV8cquHsVw3mLIFBsiHL8h4TiECiWtukqTF9dcEug=="
    },
    "@types/mousetrap": {
      "version": "1.5.34",
      "resolved": "https://registry.npmjs.org/@types/mousetrap/-/mousetrap-1.5.34.tgz",
      "integrity": "sha512-a2yhRIADupQfOFM75v7GfcQQLUxU705+i/xcZ3N/3PK3Xdo31SUfuCUByWPGOHB1e38m7MxTx/D8FPVsJXZKJw=="
    },
    "@types/q": {
      "version": "https://registry.npmjs.org/@types/q/-/q-0.0.32.tgz",
      "integrity": "sha1-vShOV8hPEyXacCur/IKlMoGQwMU="
    },
    "@types/react": {
      "version": "https://registry.npmjs.org/@types/react/-/react-16.0.2.tgz",
      "integrity": "sha1-CzGnPN3mJytxnlsFp99tHiZUqAQ="
    },
    "@types/requirejs": {
      "version": "https://registry.npmjs.org/@types/requirejs/-/requirejs-2.1.28.tgz",
      "integrity": "sha1-v7LB1aA6IqsTf/Agq66TOLZu/a0="
    },
    "typescript": {
      "version": "2.5.3",
      "resolved": "https://registry.npmjs.org/typescript/-/typescript-2.5.3.tgz",
      "integrity": "sha512-ptLSQs2S4QuS6/OD1eAKG+S5G8QQtrU5RT32JULdZQtM1L3WTi34Wsu48Yndzi8xsObRAB9RPt/KhA9wlpEF6w==",
      "dev": true
    }
  }
}
